{
  "nodes": {
    "nixpkgs": {
      "locked": {
        "lastModified": 1767364772,
        "narHash": "sha256-fFUnEYMla8b7UKjijLnMe+oVFOz6HjijGGNS1l7dYaQ=",
        "owner": "nixos",
        "repo": "nixpkgs",
        "rev": "16c7794d0a28b5a37904d55bcca36003b9109aaa",
        "type": "github"
      },
      "original": {
        "owner": "nixos",
        "ref": "nixpkgs-unstable",
        "repo": "nixpkgs",
        "type": "github"
      }
    },
    "patch2pr": {
      "inputs": {
        "nixpkgs": [
          "nixpkgs"
        ]
      },
      "locked": {
        "lastModified": 1767613876,
        "narHash": "sha256-NU4GJ3NDjzinxgbx7fNHG33yGTZxqc/h1gDKuDT7Zcw=",
        "owner": "phanirithvij",
        "repo": "patch2pr",
        "rev": "ef90c3a1764c2b20e1576f850461a4ba786fe356",
        "type": "github"
      },
      "original": {
        "owner": "phanirithvij",
        "ref": "use-git",
        "repo": "patch2pr",
        "type": "github"
      }
    },
    "root": {
      "inputs": {
        "nixpkgs": "nixpkgs",
        "patch2pr": "patch2pr"
      }
    }
  },
  "root": "root",
  "version": 7
}
